
Microsoft Visual Studio Solution File, Format Version 12.00
# Visual Studio 15
VisualStudioVersion = 15.0.28307.421
MinimumVisualStudioVersion = 10.0.40219.1
Project("{FAE04EC0-301F-11D3-BF4B-00C04F79EFBC}") = "work2_lesson2", "work2_lesson2\work2_lesson2.csproj", "{37EB4C30-871A-4456-98B0-69F55963F412}"
EndProject
Global
	GlobalSection(SolutionConfigurationPlatforms) = preSolution
		Debug|Any CPU = Debug|Any CPU
		Release|Any CPU = Release|Any CPU
	EndGlobalSection
	GlobalSection(ProjectConfigurationPlatforms) = postSolution
		{37EB4C30-871A-4456-98B0-69F55963F412}.Debug|Any CPU.ActiveCfg = Debug|Any CPU
		{37EB4C30-871A-4456-98B0-69F55963F412}.Debug|Any CPU.Build.0 = Debug|Any CPU
		{37EB4C30-871A-4456-98B0-69F55963F412}.Release|Any CPU.ActiveCfg = Release|Any CPU
		{37EB4C30-871A-4456-98B0-69F55963F412}.Release|Any CPU.Build.0 = Release|Any CPU
	EndGlobalSection
	GlobalSection(SolutionProperties) = preSolution
		HideSolutionNode = FALSE
	EndGlobalSection
	GlobalSection(ExtensibilityGlobals) = postSolution
		SolutionGuid = {1325605D-96C7-4472-9CA7-7C87E233B7DC}
	EndGlobalSection
EndGlobal
